{
  "name": "@write-with-laika/drama-engine",
  "version": "1.0.0",
  "lockfileVersion": 3,
  "requires": true,
  "packages": {
    "": {
      "name": "@write-with-laika/drama-engine",
      "version": "1.0.0",
      "license": "BSD-3-Clause",
      "dependencies": {
        "@huggingface/jinja": "^0.2.2",
        "@types/uuid": "^10.0.0",
        "dexie": "^4.0.7",
        "ky": "^1.4.0",
        "uuid": "^10.0.0"
      }
    },
    "node_modules/@huggingface/jinja": {
      "version": "0.2.2",
      "resolved": "https://registry.npmjs.org/@huggingface/jinja/-/jinja-0.2.2.tgz",
      "integrity": "sha512-/KPde26khDUIPkTGU82jdtTW9UAuvUTumCAbFs/7giR0SxsvZC4hru51PBvpijH6BVkHcROcvZM/lpy5h1jRRA==",
      "license": "MIT",
      "engines": {
        "node": ">=18"
      }
    },
    "node_modules/@types/uuid": {
      "version": "10.0.0",
      "resolved": "https://registry.npmjs.org/@types/uuid/-/uuid-10.0.0.tgz",
      "integrity": "sha512-7gqG38EyHgyP1S+7+xomFtL+ZNHcKv6DwNaCZmJmo1vgMugyF3TCnXVg4t1uk89mLNwnLtnY3TpOpCOyp1/xHQ==",
      "license": "MIT"
    },
    "node_modules/dexie": {
      "version": "4.0.7",
      "resolved": "https://registry.npmjs.org/dexie/-/dexie-4.0.7.tgz",
      "integrity": "sha512-M+Lo6rk4pekIfrc2T0o2tvVJwL6EAAM/B78DNfb8aaxFVoI1f8/rz5KTxuAnApkwqTSuxx7T5t0RKH7qprapGg==",
      "license": "Apache-2.0"
    },
    "node_modules/ky": {
      "version": "1.4.0",
      "resolved": "https://registry.npmjs.org/ky/-/ky-1.4.0.tgz",
      "integrity": "sha512-tPhhoGUiEiU/WXR4rt8klIoLdnTtyu+9jVKHd/wauEjYud32jyn63mzKWQweaQrHWxBQtYoVtdcEnYX1LosnFQ==",
      "license": "MIT",
      "engines": {
        "node": ">=18"
      },
      "funding": {
        "url": "https://github.com/sindresorhus/ky?sponsor=1"
      }
    },
    "node_modules/uuid": {
      "version": "10.0.0",
      "resolved": "https://registry.npmjs.org/uuid/-/uuid-10.0.0.tgz",
      "integrity": "sha512-8XkAphELsDnEGrDxUOHB3RGvXz6TeuYSGEZBOjtTtPm2lwhGBjLgOzLHB63IUWfBpNucQjND6d3AOudO+H3RWQ==",
      "funding": [
        "https://github.com/sponsors/broofa",
        "https://github.com/sponsors/ctavan"
      ],
      "license": "MIT",
      "bin": {
        "uuid": "dist/bin/uuid"
      }
    }
  }
}
